// !$*UTF8*$!
{
	archiveVersion = 1;
	classes = {
	};
	objectVersion = 50;
	objects = {

/* Begin PBXBuildFile section */
		3D21DBBC26038299007F99B8 /* ClimbingRouteAppApp.swift in Sources */ = {isa = PBXBuildFile; fileRef = 3D21DBBB26038299007F99B8 /* ClimbingRouteAppApp.swift */; };
		3D21DBBE26038299007F99B8 /* ContentView.swift in Sources */ = {isa = PBXBuildFile; fileRef = 3D21DBBD26038299007F99B8 /* ContentView.swift */; };
		3D21DBC02603829D007F99B8 /* Assets.xcassets in Resources */ = {isa = PBXBuildFile; fileRef = 3D21DBBF2603829D007F99B8 /* Assets.xcassets */; };
		3D21DBC32603829D007F99B8 /* Preview Assets.xcassets in Resources */ = {isa = PBXBuildFile; fileRef = 3D21DBC22603829D007F99B8 /* Preview Assets.xcassets */; };
		3D21DBD026038412007F99B8 /* Task.swift in Sources */ = {isa = PBXBuildFile; fileRef = 3D21DBCF26038412007F99B8 /* Task.swift */; };
		3D21DBD3260384DA007F99B8 /* TaskPriority.swift in Sources */ = {isa = PBXBuildFile; fileRef = 3D21DBD2260384DA007F99B8 /* TaskPriority.swift */; };
		3D21DBD626038553007F99B8 /* TaskStore.swift in Sources */ = {isa = PBXBuildFile; fileRef = 3D21DBD526038553007F99B8 /* TaskStore.swift */; };
		3D21DBE12603951F007F99B8 /* TaskCell.swift in Sources */ = {isa = PBXBuildFile; fileRef = 3D21DBE02603951F007F99B8 /* TaskCell.swift */; };
/* End PBXBuildFile section */

/* Begin PBXFileReference section */
		3D21DBB826038299007F99B8 /* ClimbingRouteApp.app */ = {isa = PBXFileReference; explicitFileType = wrapper.application; includeInIndex = 0; path = ClimbingRouteApp.app; sourceTree = BUILT_PRODUCTS_DIR; };
		3D21DBBB26038299007F99B8 /* ClimbingRouteAppApp.swift */ = {isa = PBXFileReference; lastKnownFileType = sourcecode.swift; path = ClimbingRouteAppApp.swift; sourceTree = "<group>"; };
		3D21DBBD26038299007F99B8 /* ContentView.swift */ = {isa = PBXFileReference; lastKnownFileType = sourcecode.swift; path = ContentView.swift; sourceTree = "<group>"; };
		3D21DBBF2603829D007F99B8 /* Assets.xcassets */ = {isa = PBXFileReference; lastKnownFileType = folder.assetcatalog; path = Assets.xcassets; sourceTree = "<group>"; };
		3D21DBC22603829D007F99B8 /* Preview Assets.xcassets */ = {isa = PBXFileReference; lastKnownFileType = folder.assetcatalog; path = "Preview Assets.xcassets"; sourceTree = "<group>"; };
		3D21DBC42603829D007F99B8 /* Info.plist */ = {isa = PBXFileReference; lastKnownFileType = text.plist.xml; path = Info.plist; sourceTree = "<group>"; };
		3D21DBCF26038412007F99B8 /* Task.swift */ = {isa = PBXFileReference; lastKnownFileType = sourcecode.swift; path = Task.swift; sourceTree = "<group>"; };
		3D21DBD2260384DA007F99B8 /* TaskPriority.swift */ = {isa = PBXFileReference; lastKnownFileType = sourcecode.swift; path = TaskPriority.swift; sourceTree = "<group>"; };
		3D21DBD526038553007F99B8 /* TaskStore.swift */ = {isa = PBXFileReference; lastKnownFileType = sourcecode.swift; path = TaskStore.swift; sourceTree = "<group>"; };
		3D21DBE02603951F007F99B8 /* TaskCell.swift */ = {isa = PBXFileReference; lastKnownFileType = sourcecode.swift; path = TaskCell.swift; sourceTree = "<group>"; };
/* End PBXFileReference section */

/* Begin PBXFrameworksBuildPhase section */
		3D21DBB526038299007F99B8 /* Frameworks */ = {
			isa = PBXFrameworksBuildPhase;
			buildActionMask = 2147483647;
			files = (
			);
			runOnlyForDeploymentPostprocessing = 0;
		};
/* End PBXFrameworksBuildPhase section */

/* Begin PBXGroup section */
		3D21DBAF26038299007F99B8 = {
			isa = PBXGroup;
			children = (
				3D21DBBA26038299007F99B8 /* ClimbingRouteApp */,
				3D21DBB926038299007F99B8 /* Products */,
			);
			sourceTree = "<group>";
		};
		3D21DBB926038299007F99B8 /* Products */ = {
			isa = PBXGroup;
			children = (
				3D21DBB826038299007F99B8 /* ClimbingRouteApp.app */,
			);
			name = Products;
			sourceTree = "<group>";
		};
		3D21DBBA26038299007F99B8 /* ClimbingRouteApp */ = {
			isa = PBXGroup;
			children = (
				3D21DBBB26038299007F99B8 /* ClimbingRouteAppApp.swift */,
				3D21DBCC26038387007F99B8 /* Model */,
				3D21DBCB2603836F007F99B8 /* Views */,
				3D21DBBF2603829D007F99B8 /* Assets.xcassets */,
				3D21DBC42603829D007F99B8 /* Info.plist */,
				3D21DBC12603829D007F99B8 /* Preview Content */,
			);
			path = ClimbingRouteApp;
			sourceTree = "<group>";
		};
		3D21DBC12603829D007F99B8 /* Preview Content */ = {
			isa = PBXGroup;
			children = (
				3D21DBC22603829D007F99B8 /* Preview Assets.xcassets */,
			);
			path = "Preview Content";
			sourceTree = "<group>";
		};
		3D21DBCB2603836F007F99B8 /* Views */ = {
			isa = PBXGroup;
			children = (
				3D21DBBD26038299007F99B8 /* ContentView.swift */,
				3D21DBE02603951F007F99B8 /* TaskCell.swift */,
			);
			path = Views;
			sourceTree = "<group>";
		};
		3D21DBCC26038387007F99B8 /* Model */ = {
			isa = PBXGroup;
			children = (
				3D21DBCF26038412007F99B8 /* Task.swift */,
				3D21DBD2260384DA007F99B8 /* TaskPriority.swift */,
				3D21DBD526038553007F99B8 /* TaskStore.swift */,
			);
			path = Model;
			sourceTree = "<group>";
		};
/* End PBXGroup section */

/* Begin PBXNativeTarget section */
		3D21DBB726038299007F99B8 /* ClimbingRouteApp */ = {
			isa = PBXNativeTarget;
			buildConfigurationList = 3D21DBC72603829D007F99B8 /* Build configuration list for PBXNativeTarget "ClimbingRouteApp" */;
			buildPhases = (
				3D21DBB426038299007F99B8 /* Sources */,
				3D21DBB526038299007F99B8 /* Frameworks */,
				3D21DBB626038299007F99B8 /* Resources */,
			);
			buildRules = (
			);
			dependencies = (
			);
			name = ClimbingRouteApp;
			productName = ClimbingRouteApp;
			productReference = 3D21DBB826038299007F99B8 /* ClimbingRouteApp.app */;
			productType = "com.apple.product-type.application";
		};
/* End PBXNativeTarget section */

/* Begin PBXProject section */
		3D21DBB026038299007F99B8 /* Project object */ = {
			isa = PBXProject;
			attributes = {
				LastSwiftUpdateCheck = 1230;
				LastUpgradeCheck = 1230;
				TargetAttributes = {
					3D21DBB726038299007F99B8 = {
						CreatedOnToolsVersion = 12.3;
					};
				};
			};
			buildConfigurationList = 3D21DBB326038299007F99B8 /* Build configuration list for PBXProject "ClimbingRouteApp" */;
			compatibilityVersion = "Xcode 9.3";
			developmentRegion = en;
			hasScannedForEncodings = 0;
			knownRegions = (
				en,
				Base,
			);
			mainGroup = 3D21DBAF26038299007F99B8;
			productRefGroup = 3D21DBB926038299007F99B8 /* Products */;
			projectDirPath = "";
			projectRoot = "";
			targets = (
				3D21DBB726038299007F99B8 /* ClimbingRouteApp */,
			);
		};
/* End PBXProject section */

/* Begin PBXResourcesBuildPhase section */
		3D21DBB626038299007F99B8 /* Resources */ = {
			isa = PBXResourcesBuildPhase;
			buildActionMask = 2147483647;
			files = (
				3D21DBC32603829D007F99B8 /* Preview Assets.xcassets in Resources */,
				3D21DBC02603829D007F99B8 /* Assets.xcassets in Resources */,
			);
			runOnlyForDeploymentPostprocessing = 0;
		};
/* End PBXResourcesBuildPhase section */

/* Begin PBXSourcesBuildPhase section */
		3D21DBB426038299007F99B8 /* Sources */ = {
			isa = PBXSourcesBuildPhase;
			buildActionMask = 2147483647;
			files = (
				3D21DBD626038553007F99B8 /* TaskStore.swift in Sources */,
				3D21DBBE26038299007F99B8 /* ContentView.swift in Sources */,
				3D21DBD026038412007F99B8 /* Task.swift in Sources */,
				3D21DBD3260384DA007F99B8 /* TaskPriority.swift in Sources */,
				3D21DBE12603951F007F99B8 /* TaskCell.swift in Sources */,
				3D21DBBC26038299007F99B8 /* ClimbingRouteAppApp.swift in Sources */,
			);
			runOnlyForDeploymentPostprocessing = 0;
		};
/* End PBXSourcesBuildPhase section */

/* Begin XCBuildConfiguration section */
		3D21DBC52603829D007F99B8 /* Debug */ = {
			isa = XCBuildConfiguration;
			buildSettings = {
				ALWAYS_SEARCH_USER_PATHS = NO;
				CLANG_ANALYZER_NONNULL = YES;
				CLANG_ANALYZER_NUMBER_OBJECT_CONVERSION = YES_AGGRESSIVE;
				CLANG_CXX_LANGUAGE_STANDARD = "gnu++14";
				CLANG_CXX_LIBRARY = "libc++";
				CLANG_ENABLE_MODULES = YES;
				CLANG_ENABLE_OBJC_ARC = YES;
				CLANG_ENABLE_OBJC_WEAK = YES;
				CLANG_WARN_BLOCK_CAPTURE_AUTORELEASING = YES;
				CLANG_WARN_BOOL_CONVERSION = YES;
				CLANG_WARN_COMMA = YES;
				CLANG_WARN_CONSTANT_CONVERSION = YES;
				CLANG_WARN_DEPRECATED_OBJC_IMPLEMENTATIONS = YES;
				CLANG_WARN_DIRECT_OBJC_ISA_USAGE = YES_ERROR;
				CLANG_WARN_DOCUMENTATION_COMMENTS = YES;
				CLANG_WARN_EMPTY_BODY = YES;
				CLANG_WARN_ENUM_CONVERSION = YES;
				CLANG_WARN_INFINITE_RECURSION = YES;
				CLANG_WARN_INT_CONVERSION = YES;
				CLANG_WARN_NON_LITERAL_NULL_CONVERSION = YES;
				CLANG_WARN_OBJC_IMPLICIT_RETAIN_SELF = YES;
				CLANG_WARN_OBJC_LITERAL_CONVERSION = YES;
				CLANG_WARN_OBJC_ROOT_CLASS = YES_ERROR;
				CLANG_WARN_QUOTED_INCLUDE_IN_FRAMEWORK_HEADER = YES;
				CLANG_WARN_RANGE_LOOP_ANALYSIS = YES;
				CLANG_WARN_STRICT_PROTOTYPES = YES;
				CLANG_WARN_SUSPICIOUS_MOVE = YES;
				CLANG_WARN_UNGUARDED_AVAILABILITY = YES_AGGRESSIVE;
				CLANG_WARN_UNREACHABLE_CODE = YES;
				CLANG_WARN__DUPLICATE_METHOD_MATCH = YES;
				COPY_PHASE_STRIP = NO;
				DEBUG_INFORMATION_FORMAT = dwarf;
				ENABLE_STRICT_OBJC_MSGSEND = YES;
				ENABLE_TESTABILITY = YES;
				GCC_C_LANGUAGE_STANDARD = gnu11;
				GCC_DYNAMIC_NO_PIC = NO;
				GCC_NO_COMMON_BLOCKS = YES;
				GCC_OPTIMIZATION_LEVEL = 0;
				GCC_PREPROCESSOR_DEFINITIONS = (
					"DEBUG=1",
					"$(inherited)",
				);
				GCC_WARN_64_TO_32_BIT_CONVERSION = YES;
				GCC_WARN_ABOUT_RETURN_TYPE = YES_ERROR;
				GCC_WARN_UNDECLARED_SELECTOR = YES;
				GCC_WARN_UNINITIALIZED_AUTOS = YES_AGGRESSIVE;
				GCC_WARN_UNUSED_FUNCTION = YES;
				GCC_WARN_UNUSED_VARIABLE = YES;
				IPHONEOS_DEPLOYMENT_TARGET = 14.3;
				MTL_ENABLE_DEBUG_INFO = INCLUDE_SOURCE;
				MTL_FAST_MATH = YES;
				ONLY_ACTIVE_ARCH = YES;
				SDKROOT = iphoneos;
				SWIFT_ACTIVE_COMPILATION_CONDITIONS = DEBUG;
				SWIFT_OPTIMIZATION_LEVEL = "-Onone";
			};
			name = Debug;
		};
		3D21DBC62603829D007F99B8 /* Release */ = {
			isa = XCBuildConfiguration;
			buildSettings = {
				ALWAYS_SEARCH_USER_PATHS = NO;
				CLANG_ANALYZER_NONNULL = YES;
				CLANG_ANALYZER_NUMBER_OBJECT_CONVERSION = YES_AGGRESSIVE;
				CLANG_CXX_LANGUAGE_STANDARD = "gnu++14";
				CLANG_CXX_LIBRARY = "libc++";
				CLANG_ENABLE_MODULES = YES;
				CLANG_ENABLE_OBJC_ARC = YES;
				CLANG_ENABLE_OBJC_WEAK = YES;
				CLANG_WARN_BLOCK_CAPTURE_AUTORELEASING = YES;
				CLANG_WARN_BOOL_CONVERSION = YES;
				CLANG_WARN_COMMA = YES;
				CLANG_WARN_CONSTANT_CONVERSION = YES;
				CLANG_WARN_DEPRECATED_OBJC_IMPLEMENTATIONS = YES;
				CLANG_WARN_DIRECT_OBJC_ISA_USAGE = YES_ERROR;
				CLANG_WARN_DOCUMENTATION_COMMENTS = YES;
				CLANG_WARN_EMPTY_BODY = YES;
				CLANG_WARN_ENUM_CONVERSION = YES;
				CLANG_WARN_INFINITE_RECURSION = YES;
				CLANG_WARN_INT_CONVERSION = YES;
				CLANG_WARN_NON_LITERAL_NULL_CONVERSION = YES;
				CLANG_WARN_OBJC_IMPLICIT_RETAIN_SELF = YES;
				CLANG_WARN_OBJC_LITERAL_CONVERSION = YES;
				CLANG_WARN_OBJC_ROOT_CLASS = YES_ERROR;
				CLANG_WARN_QUOTED_INCLUDE_IN_FRAMEWORK_HEADER = YES;
				CLANG_WARN_RANGE_LOOP_ANALYSIS = YES;
				CLANG_WARN_STRICT_PROTOTYPES = YES;
				CLANG_WARN_SUSPICIOUS_MOVE = YES;
				CLANG_WARN_UNGUARDED_AVAILABILITY = YES_AGGRESSIVE;
				CLANG_WARN_UNREACHABLE_CODE = YES;
				CLANG_WARN__DUPLICATE_METHOD_MATCH = YES;
				COPY_PHASE_STRIP = NO;
				DEBUG_INFORMATION_FORMAT = "dwarf-with-dsym";
				ENABLE_NS_ASSERTIONS = NO;
				ENABLE_STRICT_OBJC_MSGSEND = YES;
				GCC_C_LANGUAGE_STANDARD = gnu11;
				GCC_NO_COMMON_BLOCKS = YES;
				GCC_WARN_64_TO_32_BIT_CONVERSION = YES;
				GCC_WARN_ABOUT_RETURN_TYPE = YES_ERROR;
				GCC_WARN_UNDECLARED_SELECTOR = YES;
				GCC_WARN_UNINITIALIZED_AUTOS = YES_AGGRESSIVE;
				GCC_WARN_UNUSED_FUNCTION = YES;
				GCC_WARN_UNUSED_VARIABLE = YES;
				IPHONEOS_DEPLOYMENT_TARGET = 14.3;
				MTL_ENABLE_DEBUG_INFO = NO;
				MTL_FAST_MATH = YES;
				SDKROOT = iphoneos;
				SWIFT_COMPILATION_MODE = wholemodule;
				SWIFT_OPTIMIZATION_LEVEL = "-O";
				VALIDATE_PRODUCT = YES;
			};
			name = Release;
		};
		3D21DBC82603829D007F99B8 /* Debug */ = {
			isa = XCBuildConfiguration;
			buildSettings = {
				ASSETCATALOG_COMPILER_APPICON_NAME = AppIcon;
				ASSETCATALOG_COMPILER_GLOBAL_ACCENT_COLOR_NAME = AccentColor;
				CODE_SIGN_STYLE = Automatic;
				DEVELOPMENT_ASSET_PATHS = "\"ClimbingRouteApp/Preview Content\"";
				DEVELOPMENT_TEAM = 4X3Z79SBTY;
				ENABLE_PREVIEWS = YES;
				INFOPLIST_FILE = ClimbingRouteApp/Info.plist;
				IPHONEOS_DEPLOYMENT_TARGET = 14.0;
				LD_RUNPATH_SEARCH_PATHS = (
					"$(inherited)",
					"@executable_path/Frameworks",
				);
				PRODUCT_BUNDLE_IDENTIFIER = ca.moritzasche.ClimbingRouteApp;
				PRODUCT_NAME = "$(TARGET_NAME)";
				SWIFT_VERSION = 5.0;
				TARGETED_DEVICE_FAMILY = "1,2";
			};
			name = Debug;
		};
		3D21DBC92603829D007F99B8 /* Release */ = {
			isa = XCBuildConfiguration;
			buildSettings = {
				ASSETCATALOG_COMPILER_APPICON_NAME = AppIcon;
				ASSETCATALOG_COMPILER_GLOBAL_ACCENT_COLOR_NAME = AccentColor;
				CODE_SIGN_STYLE = Automatic;
				DEVELOPMENT_ASSET_PATHS = "\"ClimbingRouteApp/Preview Content\"";
				DEVELOPMENT_TEAM = 4X3Z79SBTY;
				ENABLE_PREVIEWS = YES;
				INFOPLIST_FILE = ClimbingRouteApp/Info.plist;
				IPHONEOS_DEPLOYMENT_TARGET = 14.0;
				LD_RUNPATH_SEARCH_PATHS = (
					"$(inherited)",
					"@executable_path/Frameworks",
				);
				PRODUCT_BUNDLE_IDENTIFIER = ca.moritzasche.ClimbingRouteApp;
				PRODUCT_NAME = "$(TARGET_NAME)";
				SWIFT_VERSION = 5.0;
				TARGETED_DEVICE_FAMILY = "1,2";
			};
			name = Release;
		};
/* End XCBuildConfiguration section */

/* Begin XCConfigurationList section */
		3D21DBB326038299007F99B8 /* Build configuration list for PBXProject "ClimbingRouteApp" */ = {
			isa = XCConfigurationList;
			buildConfigurations = (
				3D21DBC52603829D007F99B8 /* Debug */,
				3D21DBC62603829D007F99B8 /* Release */,
			);
			defaultConfigurationIsVisible = 0;
			defaultConfigurationName = Release;
		};
		3D21DBC72603829D007F99B8 /* Build configuration list for PBXNativeTarget "ClimbingRouteApp" */ = {
			isa = XCConfigurationList;
			buildConfigurations = (
				3D21DBC82603829D007F99B8 /* Debug */,
				3D21DBC92603829D007F99B8 /* Release */,
			);
			defaultConfigurationIsVisible = 0;
			defaultConfigurationName = Release;
		};
/* End XCConfigurationList section */
	};
	rootObject = 3D21DBB026038299007F99B8 /* Project object */;
}
